
Microsoft Visual Studio Solution File, Format Version 12.00
# Visual Studio Version 17
VisualStudioVersion = 17.13.35931.197
MinimumVisualStudioVersion = 10.0.40219.1
Project("{FAE04EC0-301F-11D3-BF4B-00C04F79EFBC}") = "UserRegistrationTests", "UserRegistration\UserRegistrationTests.csproj", "{2EE87242-50F5-4C01-8743-4411012A863F}"
EndProject
Project("{FAE04EC0-301F-11D3-BF4B-00C04F79EFBC}") = "UserRegistrations", "UserRegistrations\UserRegistrations.csproj", "{5C93DAA3-FE41-480C-8B03-90F5D00F10FF}"
EndProject
Global
	GlobalSection(SolutionConfigurationPlatforms) = preSolution
		Debug|Any CPU = Debug|Any CPU
		Release|Any CPU = Release|Any CPU
	EndGlobalSection
	GlobalSection(ProjectConfigurationPlatforms) = postSolution
		{2EE87242-50F5-4C01-8743-4411012A863F}.Debug|Any CPU.ActiveCfg = Debug|Any CPU
		{2EE87242-50F5-4C01-8743-4411012A863F}.Debug|Any CPU.Build.0 = Debug|Any CPU
		{2EE87242-50F5-4C01-8743-4411012A863F}.Release|Any CPU.ActiveCfg = Release|Any CPU
		{2EE87242-50F5-4C01-8743-4411012A863F}.Release|Any CPU.Build.0 = Release|Any CPU
		{5C93DAA3-FE41-480C-8B03-90F5D00F10FF}.Debug|Any CPU.ActiveCfg = Debug|Any CPU
		{5C93DAA3-FE41-480C-8B03-90F5D00F10FF}.Debug|Any CPU.Build.0 = Debug|Any CPU
		{5C93DAA3-FE41-480C-8B03-90F5D00F10FF}.Release|Any CPU.ActiveCfg = Release|Any CPU
		{5C93DAA3-FE41-480C-8B03-90F5D00F10FF}.Release|Any CPU.Build.0 = Release|Any CPU
	EndGlobalSection
	GlobalSection(SolutionProperties) = preSolution
		HideSolutionNode = FALSE
	EndGlobalSection
	GlobalSection(ExtensibilityGlobals) = postSolution
		SolutionGuid = {0FB45E4B-E75C-4E19-A0F6-D495ABB7CC0E}
	EndGlobalSection
EndGlobal
